
Microsoft Visual Studio Solution File, Format Version 12.00
# Visual Studio 14
VisualStudioVersion = 14.0.25420.1
MinimumVisualStudioVersion = 10.0.40219.1
Project("{2150E333-8FDC-42A3-9474-1A3956D46DE8}") = "Tests", "Tests", "{579F0C67-1B48-4101-82EF-3DE88D2FDE60}"
EndProject
Project("{FAE04EC0-301F-11D3-BF4B-00C04F79EFBC}") = "PokeGuide.Core.Calculations", "PokeGuide.Core.Service\PokeGuide.Core.Calculations.csproj", "{35EA54D0-F3D4-43F9-AFF9-32502A930D9F}"
EndProject
Project("{FAE04EC0-301F-11D3-BF4B-00C04F79EFBC}") = "PokeGuide.Core.Calculations.Tests", "PokeGuide.Core.Service.Tests\PokeGuide.Core.Calculations.Tests.csproj", "{067456C0-086C-46A8-B37F-1405717B7BFC}"
EndProject
Project("{FAE04EC0-301F-11D3-BF4B-00C04F79EFBC}") = "PokeGuide.Core", "PokeGuide.Core\PokeGuide.Core.csproj", "{17AEABE8-7BC6-451D-8921-5EB41992ACE7}"
EndProject
Project("{FAE04EC0-301F-11D3-BF4B-00C04F79EFBC}") = "PokeGuide.Mobile.Data", "PokeGuide.Mobile.Data\PokeGuide.Mobile.Data.csproj", "{B0017A71-7F4B-4BAD-AEF2-140C13AB2448}"
EndProject
Project("{FAE04EC0-301F-11D3-BF4B-00C04F79EFBC}") = "PokeGuide.Model", "PokeGuide.Model\PokeGuide.Model.csproj", "{9352A982-EFA6-480C-92D3-E286E41D3226}"
EndProject
Project("{FAE04EC0-301F-11D3-BF4B-00C04F79EFBC}") = "PokeGuide.Mobile.Common", "PokeGuide.Mobile.Common\PokeGuide.Mobile.Common.csproj", "{026B3918-FEB3-43F2-AA5D-300D9F74D308}"
EndProject
Project("{D954291E-2A0B-460D-934E-DC6B0785DB48}") = "PokeGuide.Mobile.Shared", "PokeGuide.Mobile.Shared\PokeGuide.Mobile.Shared.shproj", "{43A37BB9-F31A-46EA-8F38-FF8FCD81FCE7}"
EndProject
Project("{FAE04EC0-301F-11D3-BF4B-00C04F79EFBC}") = "PokeGuide.Mobile.Windows", "PokeGuide.Mobile.Windows\PokeGuide.Mobile.Windows.csproj", "{FFC1AAC1-A641-4857-9041-A906E7E1A9DF}"
EndProject
Project("{FAE04EC0-301F-11D3-BF4B-00C04F79EFBC}") = "PokeGuide.Mobile.WindowsPhone", "PokeGuide.Mobile.WindowsPhone\PokeGuide.Mobile.WindowsPhone.csproj", "{76C47669-8183-4295-A2C1-95C2E9F80CF7}"
EndProject
Global
	GlobalSection(SharedMSBuildProjectFiles) = preSolution
		PokeGuide.Mobile.Shared\PokeGuide.Mobile.Shared.projitems*{43a37bb9-f31a-46ea-8f38-ff8fcd81fce7}*SharedItemsImports = 13
		PokeGuide.Mobile.Shared\PokeGuide.Mobile.Shared.projitems*{76c47669-8183-4295-a2c1-95c2e9f80cf7}*SharedItemsImports = 4
		PokeGuide.Mobile.Shared\PokeGuide.Mobile.Shared.projitems*{ffc1aac1-a641-4857-9041-a906e7e1a9df}*SharedItemsImports = 4
	EndGlobalSection
	GlobalSection(SolutionConfigurationPlatforms) = preSolution
		Debug|Any CPU = Debug|Any CPU
		Debug|ARM = Debug|ARM
		Debug|x64 = Debug|x64
		Debug|x86 = Debug|x86
		Release|Any CPU = Release|Any CPU
		Release|ARM = Release|ARM
		Release|x64 = Release|x64
		Release|x86 = Release|x86
	EndGlobalSection
	GlobalSection(ProjectConfigurationPlatforms) = postSolution
		{35EA54D0-F3D4-43F9-AFF9-32502A930D9F}.Debug|Any CPU.ActiveCfg = Debug|Any CPU
		{35EA54D0-F3D4-43F9-AFF9-32502A930D9F}.Debug|Any CPU.Build.0 = Debug|Any CPU
		{35EA54D0-F3D4-43F9-AFF9-32502A930D9F}.Debug|ARM.ActiveCfg = Debug|Any CPU
		{35EA54D0-F3D4-43F9-AFF9-32502A930D9F}.Debug|ARM.Build.0 = Debug|Any CPU
		{35EA54D0-F3D4-43F9-AFF9-32502A930D9F}.Debug|x64.ActiveCfg = Debug|Any CPU
		{35EA54D0-F3D4-43F9-AFF9-32502A930D9F}.Debug|x64.Build.0 = Debug|Any CPU
		{35EA54D0-F3D4-43F9-AFF9-32502A930D9F}.Debug|x86.ActiveCfg = Debug|Any CPU
		{35EA54D0-F3D4-43F9-AFF9-32502A930D9F}.Debug|x86.Build.0 = Debug|Any CPU
		{35EA54D0-F3D4-43F9-AFF9-32502A930D9F}.Release|Any CPU.ActiveCfg = Release|Any CPU
		{35EA54D0-F3D4-43F9-AFF9-32502A930D9F}.Release|Any CPU.Build.0 = Release|Any CPU
		{35EA54D0-F3D4-43F9-AFF9-32502A930D9F}.Release|ARM.ActiveCfg = Release|Any CPU
		{35EA54D0-F3D4-43F9-AFF9-32502A930D9F}.Release|ARM.Build.0 = Release|Any CPU
		{35EA54D0-F3D4-43F9-AFF9-32502A930D9F}.Release|x64.ActiveCfg = Release|Any CPU
		{35EA54D0-F3D4-43F9-AFF9-32502A930D9F}.Release|x64.Build.0 = Release|Any CPU
		{35EA54D0-F3D4-43F9-AFF9-32502A930D9F}.Release|x86.ActiveCfg = Release|Any CPU
		{35EA54D0-F3D4-43F9-AFF9-32502A930D9F}.Release|x86.Build.0 = Release|Any CPU
		{067456C0-086C-46A8-B37F-1405717B7BFC}.Debug|Any CPU.ActiveCfg = Debug|Any CPU
		{067456C0-086C-46A8-B37F-1405717B7BFC}.Debug|Any CPU.Build.0 = Debug|Any CPU
		{067456C0-086C-46A8-B37F-1405717B7BFC}.Debug|ARM.ActiveCfg = Debug|Any CPU
		{067456C0-086C-46A8-B37F-1405717B7BFC}.Debug|ARM.Build.0 = Debug|Any CPU
		{067456C0-086C-46A8-B37F-1405717B7BFC}.Debug|x64.ActiveCfg = Debug|Any CPU
		{067456C0-086C-46A8-B37F-1405717B7BFC}.Debug|x64.Build.0 = Debug|Any CPU
		{067456C0-086C-46A8-B37F-1405717B7BFC}.Debug|x86.ActiveCfg = Debug|Any CPU
		{067456C0-086C-46A8-B37F-1405717B7BFC}.Debug|x86.Build.0 = Debug|Any CPU
		{067456C0-086C-46A8-B37F-1405717B7BFC}.Release|Any CPU.ActiveCfg = Release|Any CPU
		{067456C0-086C-46A8-B37F-1405717B7BFC}.Release|Any CPU.Build.0 = Release|Any CPU
		{067456C0-086C-46A8-B37F-1405717B7BFC}.Release|ARM.ActiveCfg = Release|Any CPU
		{067456C0-086C-46A8-B37F-1405717B7BFC}.Release|ARM.Build.0 = Release|Any CPU
		{067456C0-086C-46A8-B37F-1405717B7BFC}.Release|x64.ActiveCfg = Release|Any CPU
		{067456C0-086C-46A8-B37F-1405717B7BFC}.Release|x64.Build.0 = Release|Any CPU
		{067456C0-086C-46A8-B37F-1405717B7BFC}.Release|x86.ActiveCfg = Release|Any CPU
		{067456C0-086C-46A8-B37F-1405717B7BFC}.Release|x86.Build.0 = Release|Any CPU
		{17AEABE8-7BC6-451D-8921-5EB41992ACE7}.Debug|Any CPU.ActiveCfg = Debug|Any CPU
		{17AEABE8-7BC6-451D-8921-5EB41992ACE7}.Debug|Any CPU.Build.0 = Debug|Any CPU
		{17AEABE8-7BC6-451D-8921-5EB41992ACE7}.Debug|ARM.ActiveCfg = Debug|Any CPU
		{17AEABE8-7BC6-451D-8921-5EB41992ACE7}.Debug|ARM.Build.0 = Debug|Any CPU
		{17AEABE8-7BC6-451D-8921-5EB41992ACE7}.Debug|x64.ActiveCfg = Debug|Any CPU
		{17AEABE8-7BC6-451D-8921-5EB41992ACE7}.Debug|x64.Build.0 = Debug|Any CPU
		{17AEABE8-7BC6-451D-8921-5EB41992ACE7}.Debug|x86.ActiveCfg = Debug|Any CPU
		{17AEABE8-7BC6-451D-8921-5EB41992ACE7}.Debug|x86.Build.0 = Debug|Any CPU
		{17AEABE8-7BC6-451D-8921-5EB41992ACE7}.Release|Any CPU.ActiveCfg = Release|Any CPU
		{17AEABE8-7BC6-451D-8921-5EB41992ACE7}.Release|Any CPU.Build.0 = Release|Any CPU
		{17AEABE8-7BC6-451D-8921-5EB41992ACE7}.Release|ARM.ActiveCfg = Release|Any CPU
		{17AEABE8-7BC6-451D-8921-5EB41992ACE7}.Release|ARM.Build.0 = Release|Any CPU
		{17AEABE8-7BC6-451D-8921-5EB41992ACE7}.Release|x64.ActiveCfg = Release|Any CPU
		{17AEABE8-7BC6-451D-8921-5EB41992ACE7}.Release|x64.Build.0 = Release|Any CPU
		{17AEABE8-7BC6-451D-8921-5EB41992ACE7}.Release|x86.ActiveCfg = Release|Any CPU
		{17AEABE8-7BC6-451D-8921-5EB41992ACE7}.Release|x86.Build.0 = Release|Any CPU
		{B0017A71-7F4B-4BAD-AEF2-140C13AB2448}.Debug|Any CPU.ActiveCfg = Debug|Any CPU
		{B0017A71-7F4B-4BAD-AEF2-140C13AB2448}.Debug|Any CPU.Build.0 = Debug|Any CPU
		{B0017A71-7F4B-4BAD-AEF2-140C13AB2448}.Debug|ARM.ActiveCfg = Debug|Any CPU
		{B0017A71-7F4B-4BAD-AEF2-140C13AB2448}.Debug|ARM.Build.0 = Debug|Any CPU
		{B0017A71-7F4B-4BAD-AEF2-140C13AB2448}.Debug|x64.ActiveCfg = Debug|Any CPU
		{B0017A71-7F4B-4BAD-AEF2-140C13AB2448}.Debug|x64.Build.0 = Debug|Any CPU
		{B0017A71-7F4B-4BAD-AEF2-140C13AB2448}.Debug|x86.ActiveCfg = Debug|Any CPU
		{B0017A71-7F4B-4BAD-AEF2-140C13AB2448}.Debug|x86.Build.0 = Debug|Any CPU
		{B0017A71-7F4B-4BAD-AEF2-140C13AB2448}.Release|Any CPU.ActiveCfg = Release|Any CPU
		{B0017A71-7F4B-4BAD-AEF2-140C13AB2448}.Release|Any CPU.Build.0 = Release|Any CPU
		{B0017A71-7F4B-4BAD-AEF2-140C13AB2448}.Release|ARM.ActiveCfg = Release|Any CPU
		{B0017A71-7F4B-4BAD-AEF2-140C13AB2448}.Release|ARM.Build.0 = Release|Any CPU
		{B0017A71-7F4B-4BAD-AEF2-140C13AB2448}.Release|x64.ActiveCfg = Release|Any CPU
		{B0017A71-7F4B-4BAD-AEF2-140C13AB2448}.Release|x64.Build.0 = Release|Any CPU
		{B0017A71-7F4B-4BAD-AEF2-140C13AB2448}.Release|x86.ActiveCfg = Release|Any CPU
		{B0017A71-7F4B-4BAD-AEF2-140C13AB2448}.Release|x86.Build.0 = Release|Any CPU
		{9352A982-EFA6-480C-92D3-E286E41D3226}.Debug|Any CPU.ActiveCfg = Debug|Any CPU
		{9352A982-EFA6-480C-92D3-E286E41D3226}.Debug|Any CPU.Build.0 = Debug|Any CPU
		{9352A982-EFA6-480C-92D3-E286E41D3226}.Debug|ARM.ActiveCfg = Debug|Any CPU
		{9352A982-EFA6-480C-92D3-E286E41D3226}.Debug|ARM.Build.0 = Debug|Any CPU
		{9352A982-EFA6-480C-92D3-E286E41D3226}.Debug|x64.ActiveCfg = Debug|Any CPU
		{9352A982-EFA6-480C-92D3-E286E41D3226}.Debug|x64.Build.0 = Debug|Any CPU
		{9352A982-EFA6-480C-92D3-E286E41D3226}.Debug|x86.ActiveCfg = Debug|Any CPU
		{9352A982-EFA6-480C-92D3-E286E41D3226}.Debug|x86.Build.0 = Debug|Any CPU
		{9352A982-EFA6-480C-92D3-E286E41D3226}.Release|Any CPU.ActiveCfg = Release|Any CPU
		{9352A982-EFA6-480C-92D3-E286E41D3226}.Release|Any CPU.Build.0 = Release|Any CPU
		{9352A982-EFA6-480C-92D3-E286E41D3226}.Release|ARM.ActiveCfg = Release|Any CPU
		{9352A982-EFA6-480C-92D3-E286E41D3226}.Release|ARM.Build.0 = Release|Any CPU
		{9352A982-EFA6-480C-92D3-E286E41D3226}.Release|x64.ActiveCfg = Release|Any CPU
		{9352A982-EFA6-480C-92D3-E286E41D3226}.Release|x64.Build.0 = Release|Any CPU
		{9352A982-EFA6-480C-92D3-E286E41D3226}.Release|x86.ActiveCfg = Release|Any CPU
		{9352A982-EFA6-480C-92D3-E286E41D3226}.Release|x86.Build.0 = Release|Any CPU
		{026B3918-FEB3-43F2-AA5D-300D9F74D308}.Debug|Any CPU.ActiveCfg = Debug|Any CPU
		{026B3918-FEB3-43F2-AA5D-300D9F74D308}.Debug|Any CPU.Build.0 = Debug|Any CPU
		{026B3918-FEB3-43F2-AA5D-300D9F74D308}.Debug|ARM.ActiveCfg = Debug|Any CPU
		{026B3918-FEB3-43F2-AA5D-300D9F74D308}.Debug|ARM.Build.0 = Debug|Any CPU
		{026B3918-FEB3-43F2-AA5D-300D9F74D308}.Debug|x64.ActiveCfg = Debug|Any CPU
		{026B3918-FEB3-43F2-AA5D-300D9F74D308}.Debug|x64.Build.0 = Debug|Any CPU
		{026B3918-FEB3-43F2-AA5D-300D9F74D308}.Debug|x86.ActiveCfg = Debug|Any CPU
		{026B3918-FEB3-43F2-AA5D-300D9F74D308}.Debug|x86.Build.0 = Debug|Any CPU
		{026B3918-FEB3-43F2-AA5D-300D9F74D308}.Release|Any CPU.ActiveCfg = Release|Any CPU
		{026B3918-FEB3-43F2-AA5D-300D9F74D308}.Release|Any CPU.Build.0 = Release|Any CPU
		{026B3918-FEB3-43F2-AA5D-300D9F74D308}.Release|ARM.ActiveCfg = Release|Any CPU
		{026B3918-FEB3-43F2-AA5D-300D9F74D308}.Release|ARM.Build.0 = Release|Any CPU
		{026B3918-FEB3-43F2-AA5D-300D9F74D308}.Release|x64.ActiveCfg = Release|Any CPU
		{026B3918-FEB3-43F2-AA5D-300D9F74D308}.Release|x64.Build.0 = Release|Any CPU
		{026B3918-FEB3-43F2-AA5D-300D9F74D308}.Release|x86.ActiveCfg = Release|Any CPU
		{026B3918-FEB3-43F2-AA5D-300D9F74D308}.Release|x86.Build.0 = Release|Any CPU
		{FFC1AAC1-A641-4857-9041-A906E7E1A9DF}.Debug|Any CPU.ActiveCfg = Debug|Any CPU
		{FFC1AAC1-A641-4857-9041-A906E7E1A9DF}.Debug|Any CPU.Build.0 = Debug|Any CPU
		{FFC1AAC1-A641-4857-9041-A906E7E1A9DF}.Debug|Any CPU.Deploy.0 = Debug|Any CPU
		{FFC1AAC1-A641-4857-9041-A906E7E1A9DF}.Debug|ARM.ActiveCfg = Debug|ARM
		{FFC1AAC1-A641-4857-9041-A906E7E1A9DF}.Debug|ARM.Build.0 = Debug|ARM
		{FFC1AAC1-A641-4857-9041-A906E7E1A9DF}.Debug|ARM.Deploy.0 = Debug|ARM
		{FFC1AAC1-A641-4857-9041-A906E7E1A9DF}.Debug|x64.ActiveCfg = Debug|x64
		{FFC1AAC1-A641-4857-9041-A906E7E1A9DF}.Debug|x64.Build.0 = Debug|x64
		{FFC1AAC1-A641-4857-9041-A906E7E1A9DF}.Debug|x64.Deploy.0 = Debug|x64
		{FFC1AAC1-A641-4857-9041-A906E7E1A9DF}.Debug|x86.ActiveCfg = Debug|x86
		{FFC1AAC1-A641-4857-9041-A906E7E1A9DF}.Debug|x86.Build.0 = Debug|x86
		{FFC1AAC1-A641-4857-9041-A906E7E1A9DF}.Debug|x86.Deploy.0 = Debug|x86
		{FFC1AAC1-A641-4857-9041-A906E7E1A9DF}.Release|Any CPU.ActiveCfg = Release|Any CPU
		{FFC1AAC1-A641-4857-9041-A906E7E1A9DF}.Release|Any CPU.Build.0 = Release|Any CPU
		{FFC1AAC1-A641-4857-9041-A906E7E1A9DF}.Release|Any CPU.Deploy.0 = Release|Any CPU
		{FFC1AAC1-A641-4857-9041-A906E7E1A9DF}.Release|ARM.ActiveCfg = Release|ARM
		{FFC1AAC1-A641-4857-9041-A906E7E1A9DF}.Release|ARM.Build.0 = Release|ARM
		{FFC1AAC1-A641-4857-9041-A906E7E1A9DF}.Release|ARM.Deploy.0 = Release|ARM
		{FFC1AAC1-A641-4857-9041-A906E7E1A9DF}.Release|x64.ActiveCfg = Release|x64
		{FFC1AAC1-A641-4857-9041-A906E7E1A9DF}.Release|x64.Build.0 = Release|x64
		{FFC1AAC1-A641-4857-9041-A906E7E1A9DF}.Release|x64.Deploy.0 = Release|x64
		{FFC1AAC1-A641-4857-9041-A906E7E1A9DF}.Release|x86.ActiveCfg = Release|x86
		{FFC1AAC1-A641-4857-9041-A906E7E1A9DF}.Release|x86.Build.0 = Release|x86
		{FFC1AAC1-A641-4857-9041-A906E7E1A9DF}.Release|x86.Deploy.0 = Release|x86
		{76C47669-8183-4295-A2C1-95C2E9F80CF7}.Debug|Any CPU.ActiveCfg = Debug|Any CPU
		{76C47669-8183-4295-A2C1-95C2E9F80CF7}.Debug|Any CPU.Build.0 = Debug|Any CPU
		{76C47669-8183-4295-A2C1-95C2E9F80CF7}.Debug|Any CPU.Deploy.0 = Debug|Any CPU
		{76C47669-8183-4295-A2C1-95C2E9F80CF7}.Debug|ARM.ActiveCfg = Debug|ARM
		{76C47669-8183-4295-A2C1-95C2E9F80CF7}.Debug|ARM.Build.0 = Debug|ARM
		{76C47669-8183-4295-A2C1-95C2E9F80CF7}.Debug|ARM.Deploy.0 = Debug|ARM
		{76C47669-8183-4295-A2C1-95C2E9F80CF7}.Debug|x64.ActiveCfg = Debug|Any CPU
		{76C47669-8183-4295-A2C1-95C2E9F80CF7}.Debug|x64.Build.0 = Debug|Any CPU
		{76C47669-8183-4295-A2C1-95C2E9F80CF7}.Debug|x64.Deploy.0 = Debug|Any CPU
		{76C47669-8183-4295-A2C1-95C2E9F80CF7}.Debug|x86.ActiveCfg = Debug|x86
		{76C47669-8183-4295-A2C1-95C2E9F80CF7}.Debug|x86.Build.0 = Debug|x86
		{76C47669-8183-4295-A2C1-95C2E9F80CF7}.Debug|x86.Deploy.0 = Debug|x86
		{76C47669-8183-4295-A2C1-95C2E9F80CF7}.Release|Any CPU.ActiveCfg = Release|Any CPU
		{76C47669-8183-4295-A2C1-95C2E9F80CF7}.Release|Any CPU.Build.0 = Release|Any CPU
		{76C47669-8183-4295-A2C1-95C2E9F80CF7}.Release|Any CPU.Deploy.0 = Release|Any CPU
		{76C47669-8183-4295-A2C1-95C2E9F80CF7}.Release|ARM.ActiveCfg = Release|ARM
		{76C47669-8183-4295-A2C1-95C2E9F80CF7}.Release|ARM.Build.0 = Release|ARM
		{76C47669-8183-4295-A2C1-95C2E9F80CF7}.Release|ARM.Deploy.0 = Release|ARM
		{76C47669-8183-4295-A2C1-95C2E9F80CF7}.Release|x64.ActiveCfg = Release|Any CPU
		{76C47669-8183-4295-A2C1-95C2E9F80CF7}.Release|x64.Build.0 = Release|Any CPU
		{76C47669-8183-4295-A2C1-95C2E9F80CF7}.Release|x64.Deploy.0 = Release|Any CPU
		{76C47669-8183-4295-A2C1-95C2E9F80CF7}.Release|x86.ActiveCfg = Release|x86
		{76C47669-8183-4295-A2C1-95C2E9F80CF7}.Release|x86.Build.0 = Release|x86
		{76C47669-8183-4295-A2C1-95C2E9F80CF7}.Release|x86.Deploy.0 = Release|x86
	EndGlobalSection
	GlobalSection(SolutionProperties) = preSolution
		HideSolutionNode = FALSE
	EndGlobalSection
	GlobalSection(NestedProjects) = preSolution
		{067456C0-086C-46A8-B37F-1405717B7BFC} = {579F0C67-1B48-4101-82EF-3DE88D2FDE60}
	EndGlobalSection
EndGlobal
